// !$*UTF8*$!
{
	archiveVersion = 1;
	classes = {
	};
	objectVersion = 56;
	objects = {

/* Begin PBXBuildFile section */
		442F3CB02A20D0B400CAAAE3 /* AppDelegate.swift in Sources */ = {isa = PBXBuildFile; fileRef = 442F3CAF2A20D0B400CAAAE3 /* AppDelegate.swift */; };
		442F3CB22A20D0B400CAAAE3 /* SceneDelegate.swift in Sources */ = {isa = PBXBuildFile; fileRef = 442F3CB12A20D0B400CAAAE3 /* SceneDelegate.swift */; };
		442F3CB42A20D0B400CAAAE3 /* ViewController.swift in Sources */ = {isa = PBXBuildFile; fileRef = 442F3CB32A20D0B400CAAAE3 /* ViewController.swift */; };
		442F3CB72A20D0B400CAAAE3 /* Main.storyboard in Resources */ = {isa = PBXBuildFile; fileRef = 442F3CB52A20D0B400CAAAE3 /* Main.storyboard */; };
		442F3CBA2A20D0B400CAAAE3 /* FoodRecipes.xcdatamodeld in Sources */ = {isa = PBXBuildFile; fileRef = 442F3CB82A20D0B400CAAAE3 /* FoodRecipes.xcdatamodeld */; };
		442F3CBC2A20D0B600CAAAE3 /* Assets.xcassets in Resources */ = {isa = PBXBuildFile; fileRef = 442F3CBB2A20D0B600CAAAE3 /* Assets.xcassets */; };
		442F3CBF2A20D0B600CAAAE3 /* LaunchScreen.storyboard in Resources */ = {isa = PBXBuildFile; fileRef = 442F3CBD2A20D0B600CAAAE3 /* LaunchScreen.storyboard */; };
		442F3CCA2A20D0B600CAAAE3 /* FoodRecipesTests.swift in Sources */ = {isa = PBXBuildFile; fileRef = 442F3CC92A20D0B600CAAAE3 /* FoodRecipesTests.swift */; };
		442F3CD42A20D0B600CAAAE3 /* FoodRecipesUITests.swift in Sources */ = {isa = PBXBuildFile; fileRef = 442F3CD32A20D0B600CAAAE3 /* FoodRecipesUITests.swift */; };
		442F3CD62A20D0B600CAAAE3 /* FoodRecipesUITestsLaunchTests.swift in Sources */ = {isa = PBXBuildFile; fileRef = 442F3CD52A20D0B600CAAAE3 /* FoodRecipesUITestsLaunchTests.swift */; };
/* End PBXBuildFile section */

/* Begin PBXContainerItemProxy section */
		442F3CC62A20D0B600CAAAE3 /* PBXContainerItemProxy */ = {
			isa = PBXContainerItemProxy;
			containerPortal = 442F3CA42A20D0B400CAAAE3 /* Project object */;
			proxyType = 1;
			remoteGlobalIDString = 442F3CAB2A20D0B400CAAAE3;
			remoteInfo = FoodRecipes;
		};
		442F3CD02A20D0B600CAAAE3 /* PBXContainerItemProxy */ = {
			isa = PBXContainerItemProxy;
			containerPortal = 442F3CA42A20D0B400CAAAE3 /* Project object */;
			proxyType = 1;
			remoteGlobalIDString = 442F3CAB2A20D0B400CAAAE3;
			remoteInfo = FoodRecipes;
		};
/* End PBXContainerItemProxy section */

/* Begin PBXFileReference section */
		442F3CAC2A20D0B400CAAAE3 /* FoodRecipes.app */ = {isa = PBXFileReference; explicitFileType = wrapper.application; includeInIndex = 0; path = FoodRecipes.app; sourceTree = BUILT_PRODUCTS_DIR; };
		442F3CAF2A20D0B400CAAAE3 /* AppDelegate.swift */ = {isa = PBXFileReference; lastKnownFileType = sourcecode.swift; path = AppDelegate.swift; sourceTree = "<group>"; };
		442F3CB12A20D0B400CAAAE3 /* SceneDelegate.swift */ = {isa = PBXFileReference; lastKnownFileType = sourcecode.swift; path = SceneDelegate.swift; sourceTree = "<group>"; };
		442F3CB32A20D0B400CAAAE3 /* ViewController.swift */ = {isa = PBXFileReference; lastKnownFileType = sourcecode.swift; path = ViewController.swift; sourceTree = "<group>"; };
		442F3CB62A20D0B400CAAAE3 /* Base */ = {isa = PBXFileReference; lastKnownFileType = file.storyboard; name = Base; path = Base.lproj/Main.storyboard; sourceTree = "<group>"; };
		442F3CB92A20D0B400CAAAE3 /* FoodRecipes.xcdatamodel */ = {isa = PBXFileReference; lastKnownFileType = wrapper.xcdatamodel; path = FoodRecipes.xcdatamodel; sourceTree = "<group>"; };
		442F3CBB2A20D0B600CAAAE3 /* Assets.xcassets */ = {isa = PBXFileReference; lastKnownFileType = folder.assetcatalog; path = Assets.xcassets; sourceTree = "<group>"; };
		442F3CBE2A20D0B600CAAAE3 /* Base */ = {isa = PBXFileReference; lastKnownFileType = file.storyboard; name = Base; path = Base.lproj/LaunchScreen.storyboard; sourceTree = "<group>"; };
		442F3CC02A20D0B600CAAAE3 /* Info.plist */ = {isa = PBXFileReference; lastKnownFileType = text.plist.xml; path = Info.plist; sourceTree = "<group>"; };
		442F3CC52A20D0B600CAAAE3 /* FoodRecipesTests.xctest */ = {isa = PBXFileReference; explicitFileType = wrapper.cfbundle; includeInIndex = 0; path = FoodRecipesTests.xctest; sourceTree = BUILT_PRODUCTS_DIR; };
		442F3CC92A20D0B600CAAAE3 /* FoodRecipesTests.swift */ = {isa = PBXFileReference; lastKnownFileType = sourcecode.swift; path = FoodRecipesTests.swift; sourceTree = "<group>"; };
		442F3CCF2A20D0B600CAAAE3 /* FoodRecipesUITests.xctest */ = {isa = PBXFileReference; explicitFileType = wrapper.cfbundle; includeInIndex = 0; path = FoodRecipesUITests.xctest; sourceTree = BUILT_PRODUCTS_DIR; };
		442F3CD32A20D0B600CAAAE3 /* FoodRecipesUITests.swift */ = {isa = PBXFileReference; lastKnownFileType = sourcecode.swift; path = FoodRecipesUITests.swift; sourceTree = "<group>"; };
		442F3CD52A20D0B600CAAAE3 /* FoodRecipesUITestsLaunchTests.swift */ = {isa = PBXFileReference; lastKnownFileType = sourcecode.swift; path = FoodRecipesUITestsLaunchTests.swift; sourceTree = "<group>"; };
/* End PBXFileReference section */

/* Begin PBXFrameworksBuildPhase section */
		442F3CA92A20D0B400CAAAE3 /* Frameworks */ = {
			isa = PBXFrameworksBuildPhase;
			buildActionMask = 2147483647;
			files = (
			);
			runOnlyForDeploymentPostprocessing = 0;
		};
		442F3CC22A20D0B600CAAAE3 /* Frameworks */ = {
			isa = PBXFrameworksBuildPhase;
			buildActionMask = 2147483647;
			files = (
			);
			runOnlyForDeploymentPostprocessing = 0;
		};
		442F3CCC2A20D0B600CAAAE3 /* Frameworks */ = {
			isa = PBXFrameworksBuildPhase;
			buildActionMask = 2147483647;
			files = (
			);
			runOnlyForDeploymentPostprocessing = 0;
		};
/* End PBXFrameworksBuildPhase section */

/* Begin PBXGroup section */
		442F3CA32A20D0B400CAAAE3 = {
			isa = PBXGroup;
			children = (
				442F3CAE2A20D0B400CAAAE3 /* FoodRecipes */,
				442F3CC82A20D0B600CAAAE3 /* FoodRecipesTests */,
				442F3CD22A20D0B600CAAAE3 /* FoodRecipesUITests */,
				442F3CAD2A20D0B400CAAAE3 /* Products */,
			);
			sourceTree = "<group>";
		};
		442F3CAD2A20D0B400CAAAE3 /* Products */ = {
			isa = PBXGroup;
			children = (
				442F3CAC2A20D0B400CAAAE3 /* FoodRecipes.app */,
				442F3CC52A20D0B600CAAAE3 /* FoodRecipesTests.xctest */,
				442F3CCF2A20D0B600CAAAE3 /* FoodRecipesUITests.xctest */,
			);
			name = Products;
			sourceTree = "<group>";
		};
		442F3CAE2A20D0B400CAAAE3 /* FoodRecipes */ = {
			isa = PBXGroup;
			children = (
				442F3CAF2A20D0B400CAAAE3 /* AppDelegate.swift */,
				442F3CB12A20D0B400CAAAE3 /* SceneDelegate.swift */,
				442F3CB32A20D0B400CAAAE3 /* ViewController.swift */,
				442F3CB52A20D0B400CAAAE3 /* Main.storyboard */,
				442F3CBB2A20D0B600CAAAE3 /* Assets.xcassets */,
				442F3CBD2A20D0B600CAAAE3 /* LaunchScreen.storyboard */,
				442F3CC02A20D0B600CAAAE3 /* Info.plist */,
				442F3CB82A20D0B400CAAAE3 /* FoodRecipes.xcdatamodeld */,
			);
			path = FoodRecipes;
			sourceTree = "<group>";
		};
		442F3CC82A20D0B600CAAAE3 /* FoodRecipesTests */ = {
			isa = PBXGroup;
			children = (
				442F3CC92A20D0B600CAAAE3 /* FoodRecipesTests.swift */,
			);
			path = FoodRecipesTests;
			sourceTree = "<group>";
		};
		442F3CD22A20D0B600CAAAE3 /* FoodRecipesUITests */ = {
			isa = PBXGroup;
			children = (
				442F3CD32A20D0B600CAAAE3 /* FoodRecipesUITests.swift */,
				442F3CD52A20D0B600CAAAE3 /* FoodRecipesUITestsLaunchTests.swift */,
			);
			path = FoodRecipesUITests;
			sourceTree = "<group>";
		};
/* End PBXGroup section */

/* Begin PBXNativeTarget section */
		442F3CAB2A20D0B400CAAAE3 /* FoodRecipes */ = {
			isa = PBXNativeTarget;
			buildConfigurationList = 442F3CD92A20D0B600CAAAE3 /* Build configuration list for PBXNativeTarget "FoodRecipes" */;
			buildPhases = (
				442F3CA82A20D0B400CAAAE3 /* Sources */,
				442F3CA92A20D0B400CAAAE3 /* Frameworks */,
				442F3CAA2A20D0B400CAAAE3 /* Resources */,
			);
			buildRules = (
			);
			dependencies = (
			);
			name = FoodRecipes;
			productName = FoodRecipes;
			productReference = 442F3CAC2A20D0B400CAAAE3 /* FoodRecipes.app */;
			productType = "com.apple.product-type.application";
		};
		442F3CC42A20D0B600CAAAE3 /* FoodRecipesTests */ = {
			isa = PBXNativeTarget;
			buildConfigurationList = 442F3CDC2A20D0B600CAAAE3 /* Build configuration list for PBXNativeTarget "FoodRecipesTests" */;
			buildPhases = (
				442F3CC12A20D0B600CAAAE3 /* Sources */,
				442F3CC22A20D0B600CAAAE3 /* Frameworks */,
				442F3CC32A20D0B600CAAAE3 /* Resources */,
			);
			buildRules = (
			);
			dependencies = (
				442F3CC72A20D0B600CAAAE3 /* PBXTargetDependency */,
			);
			name = FoodRecipesTests;
			productName = FoodRecipesTests;
			productReference = 442F3CC52A20D0B600CAAAE3 /* FoodRecipesTests.xctest */;
			productType = "com.apple.product-type.bundle.unit-test";
		};
		442F3CCE2A20D0B600CAAAE3 /* FoodRecipesUITests */ = {
			isa = PBXNativeTarget;
			buildConfigurationList = 442F3CDF2A20D0B600CAAAE3 /* Build configuration list for PBXNativeTarget "FoodRecipesUITests" */;
			buildPhases = (
				442F3CCB2A20D0B600CAAAE3 /* Sources */,
				442F3CCC2A20D0B600CAAAE3 /* Frameworks */,
				442F3CCD2A20D0B600CAAAE3 /* Resources */,
			);
			buildRules = (
			);
			dependencies = (
				442F3CD12A20D0B600CAAAE3 /* PBXTargetDependency */,
			);
			name = FoodRecipesUITests;
			productName = FoodRecipesUITests;
			productReference = 442F3CCF2A20D0B600CAAAE3 /* FoodRecipesUITests.xctest */;
			productType = "com.apple.product-type.bundle.ui-testing";
		};
/* End PBXNativeTarget section */

/* Begin PBXProject section */
		442F3CA42A20D0B400CAAAE3 /* Project object */ = {
			isa = PBXProject;
			attributes = {
				BuildIndependentTargetsInParallel = 1;
				LastSwiftUpdateCheck = 1430;
				LastUpgradeCheck = 1430;
				TargetAttributes = {
					442F3CAB2A20D0B400CAAAE3 = {
						CreatedOnToolsVersion = 14.3;
					};
					442F3CC42A20D0B600CAAAE3 = {
						CreatedOnToolsVersion = 14.3;
						TestTargetID = 442F3CAB2A20D0B400CAAAE3;
					};
					442F3CCE2A20D0B600CAAAE3 = {
						CreatedOnToolsVersion = 14.3;
						TestTargetID = 442F3CAB2A20D0B400CAAAE3;
					};
				};
			};
			buildConfigurationList = 442F3CA72A20D0B400CAAAE3 /* Build configuration list for PBXProject "FoodRecipes" */;
			compatibilityVersion = "Xcode 14.0";
			developmentRegion = en;
			hasScannedForEncodings = 0;
			knownRegions = (
				en,
				Base,
			);
			mainGroup = 442F3CA32A20D0B400CAAAE3;
			productRefGroup = 442F3CAD2A20D0B400CAAAE3 /* Products */;
			projectDirPath = "";
			projectRoot = "";
			targets = (
				442F3CAB2A20D0B400CAAAE3 /* FoodRecipes */,
				442F3CC42A20D0B600CAAAE3 /* FoodRecipesTests */,
				442F3CCE2A20D0B600CAAAE3 /* FoodRecipesUITests */,
			);
		};
/* End PBXProject section */

/* Begin PBXResourcesBuildPhase section */
		442F3CAA2A20D0B400CAAAE3 /* Resources */ = {
			isa = PBXResourcesBuildPhase;
			buildActionMask = 2147483647;
			files = (
				442F3CBF2A20D0B600CAAAE3 /* LaunchScreen.storyboard in Resources */,
				442F3CBC2A20D0B600CAAAE3 /* Assets.xcassets in Resources */,
				442F3CB72A20D0B400CAAAE3 /* Main.storyboard in Resources */,
			);
			runOnlyForDeploymentPostprocessing = 0;
		};
		442F3CC32A20D0B600CAAAE3 /* Resources */ = {
			isa = PBXResourcesBuildPhase;
			buildActionMask = 2147483647;
			files = (
			);
			runOnlyForDeploymentPostprocessing = 0;
		};
		442F3CCD2A20D0B600CAAAE3 /* Resources */ = {
			isa = PBXResourcesBuildPhase;
			buildActionMask = 2147483647;
			files = (
			);
			runOnlyForDeploymentPostprocessing = 0;
		};
/* End PBXResourcesBuildPhase section */

/* Begin PBXSourcesBuildPhase section */
		442F3CA82A20D0B400CAAAE3 /* Sources */ = {
			isa = PBXSourcesBuildPhase;
			buildActionMask = 2147483647;
			files = (
				442F3CB42A20D0B400CAAAE3 /* ViewController.swift in Sources */,
				442F3CB02A20D0B400CAAAE3 /* AppDelegate.swift in Sources */,
				442F3CB22A20D0B400CAAAE3 /* SceneDelegate.swift in Sources */,
				442F3CBA2A20D0B400CAAAE3 /* FoodRecipes.xcdatamodeld in Sources */,
			);
			runOnlyForDeploymentPostprocessing = 0;
		};
		442F3CC12A20D0B600CAAAE3 /* Sources */ = {
			isa = PBXSourcesBuildPhase;
			buildActionMask = 2147483647;
			files = (
				442F3CCA2A20D0B600CAAAE3 /* FoodRecipesTests.swift in Sources */,
			);
			runOnlyForDeploymentPostprocessing = 0;
		};
		442F3CCB2A20D0B600CAAAE3 /* Sources */ = {
			isa = PBXSourcesBuildPhase;
			buildActionMask = 2147483647;
			files = (
				442F3CD62A20D0B600CAAAE3 /* FoodRecipesUITestsLaunchTests.swift in Sources */,
				442F3CD42A20D0B600CAAAE3 /* FoodRecipesUITests.swift in Sources */,
			);
			runOnlyForDeploymentPostprocessing = 0;
		};
/* End PBXSourcesBuildPhase section */

/* Begin PBXTargetDependency section */
		442F3CC72A20D0B600CAAAE3 /* PBXTargetDependency */ = {
			isa = PBXTargetDependency;
			target = 442F3CAB2A20D0B400CAAAE3 /* FoodRecipes */;
			targetProxy = 442F3CC62A20D0B600CAAAE3 /* PBXContainerItemProxy */;
		};
		442F3CD12A20D0B600CAAAE3 /* PBXTargetDependency */ = {
			isa = PBXTargetDependency;
			target = 442F3CAB2A20D0B400CAAAE3 /* FoodRecipes */;
			targetProxy = 442F3CD02A20D0B600CAAAE3 /* PBXContainerItemProxy */;
		};
/* End PBXTargetDependency section */

/* Begin PBXVariantGroup section */
		442F3CB52A20D0B400CAAAE3 /* Main.storyboard */ = {
			isa = PBXVariantGroup;
			children = (
				442F3CB62A20D0B400CAAAE3 /* Base */,
			);
			name = Main.storyboard;
			sourceTree = "<group>";
		};
		442F3CBD2A20D0B600CAAAE3 /* LaunchScreen.storyboard */ = {
			isa = PBXVariantGroup;
			children = (
				442F3CBE2A20D0B600CAAAE3 /* Base */,
			);
			name = LaunchScreen.storyboard;
			sourceTree = "<group>";
		};
/* End PBXVariantGroup section */

/* Begin XCBuildConfiguration section */
		442F3CD72A20D0B600CAAAE3 /* Debug */ = {
			isa = XCBuildConfiguration;
			buildSettings = {
				ALWAYS_SEARCH_USER_PATHS = NO;
				CLANG_ANALYZER_NONNULL = YES;
				CLANG_ANALYZER_NUMBER_OBJECT_CONVERSION = YES_AGGRESSIVE;
				CLANG_CXX_LANGUAGE_STANDARD = "gnu++20";
				CLANG_ENABLE_MODULES = YES;
				CLANG_ENABLE_OBJC_ARC = YES;
				CLANG_ENABLE_OBJC_WEAK = YES;
				CLANG_WARN_BLOCK_CAPTURE_AUTORELEASING = YES;
				CLANG_WARN_BOOL_CONVERSION = YES;
				CLANG_WARN_COMMA = YES;
				CLANG_WARN_CONSTANT_CONVERSION = YES;
				CLANG_WARN_DEPRECATED_OBJC_IMPLEMENTATIONS = YES;
				CLANG_WARN_DIRECT_OBJC_ISA_USAGE = YES_ERROR;
				CLANG_WARN_DOCUMENTATION_COMMENTS = YES;
				CLANG_WARN_EMPTY_BODY = YES;
				CLANG_WARN_ENUM_CONVERSION = YES;
				CLANG_WARN_INFINITE_RECURSION = YES;
				CLANG_WARN_INT_CONVERSION = YES;
				CLANG_WARN_NON_LITERAL_NULL_CONVERSION = YES;
				CLANG_WARN_OBJC_IMPLICIT_RETAIN_SELF = YES;
				CLANG_WARN_OBJC_LITERAL_CONVERSION = YES;
				CLANG_WARN_OBJC_ROOT_CLASS = YES_ERROR;
				CLANG_WARN_QUOTED_INCLUDE_IN_FRAMEWORK_HEADER = YES;
				CLANG_WARN_RANGE_LOOP_ANALYSIS = YES;
				CLANG_WARN_STRICT_PROTOTYPES = YES;
				CLANG_WARN_SUSPICIOUS_MOVE = YES;
				CLANG_WARN_UNGUARDED_AVAILABILITY = YES_AGGRESSIVE;
				CLANG_WARN_UNREACHABLE_CODE = YES;
				CLANG_WARN__DUPLICATE_METHOD_MATCH = YES;
				COPY_PHASE_STRIP = NO;
				DEBUG_INFORMATION_FORMAT = dwarf;
				ENABLE_STRICT_OBJC_MSGSEND = YES;
				ENABLE_TESTABILITY = YES;
				GCC_C_LANGUAGE_STANDARD = gnu11;
				GCC_DYNAMIC_NO_PIC = NO;
				GCC_NO_COMMON_BLOCKS = YES;
				GCC_OPTIMIZATION_LEVEL = 0;
				GCC_PREPROCESSOR_DEFINITIONS = (
					"DEBUG=1",
					"$(inherited)",
				);
				GCC_WARN_64_TO_32_BIT_CONVERSION = YES;
				GCC_WARN_ABOUT_RETURN_TYPE = YES_ERROR;
				GCC_WARN_UNDECLARED_SELECTOR = YES;
				GCC_WARN_UNINITIALIZED_AUTOS = YES_AGGRESSIVE;
				GCC_WARN_UNUSED_FUNCTION = YES;
				GCC_WARN_UNUSED_VARIABLE = YES;
				IPHONEOS_DEPLOYMENT_TARGET = 16.4;
				MTL_ENABLE_DEBUG_INFO = INCLUDE_SOURCE;
				MTL_FAST_MATH = YES;
				ONLY_ACTIVE_ARCH = YES;
				SDKROOT = iphoneos;
				SWIFT_ACTIVE_COMPILATION_CONDITIONS = DEBUG;
				SWIFT_OPTIMIZATION_LEVEL = "-Onone";
			};
			name = Debug;
		};
		442F3CD82A20D0B600CAAAE3 /* Release */ = {
			isa = XCBuildConfiguration;
			buildSettings = {
				ALWAYS_SEARCH_USER_PATHS = NO;
				CLANG_ANALYZER_NONNULL = YES;
				CLANG_ANALYZER_NUMBER_OBJECT_CONVERSION = YES_AGGRESSIVE;
				CLANG_CXX_LANGUAGE_STANDARD = "gnu++20";
				CLANG_ENABLE_MODULES = YES;
				CLANG_ENABLE_OBJC_ARC = YES;
				CLANG_ENABLE_OBJC_WEAK = YES;
				CLANG_WARN_BLOCK_CAPTURE_AUTORELEASING = YES;
				CLANG_WARN_BOOL_CONVERSION = YES;
				CLANG_WARN_COMMA = YES;
				CLANG_WARN_CONSTANT_CONVERSION = YES;
				CLANG_WARN_DEPRECATED_OBJC_IMPLEMENTATIONS = YES;
				CLANG_WARN_DIRECT_OBJC_ISA_USAGE = YES_ERROR;
				CLANG_WARN_DOCUMENTATION_COMMENTS = YES;
				CLANG_WARN_EMPTY_BODY = YES;
				CLANG_WARN_ENUM_CONVERSION = YES;
				CLANG_WARN_INFINITE_RECURSION = YES;
				CLANG_WARN_INT_CONVERSION = YES;
				CLANG_WARN_NON_LITERAL_NULL_CONVERSION = YES;
				CLANG_WARN_OBJC_IMPLICIT_RETAIN_SELF = YES;
				CLANG_WARN_OBJC_LITERAL_CONVERSION = YES;
				CLANG_WARN_OBJC_ROOT_CLASS = YES_ERROR;
				CLANG_WARN_QUOTED_INCLUDE_IN_FRAMEWORK_HEADER = YES;
				CLANG_WARN_RANGE_LOOP_ANALYSIS = YES;
				CLANG_WARN_STRICT_PROTOTYPES = YES;
				CLANG_WARN_SUSPICIOUS_MOVE = YES;
				CLANG_WARN_UNGUARDED_AVAILABILITY = YES_AGGRESSIVE;
				CLANG_WARN_UNREACHABLE_CODE = YES;
				CLANG_WARN__DUPLICATE_METHOD_MATCH = YES;
				COPY_PHASE_STRIP = NO;
				DEBUG_INFORMATION_FORMAT = "dwarf-with-dsym";
				ENABLE_NS_ASSERTIONS = NO;
				ENABLE_STRICT_OBJC_MSGSEND = YES;
				GCC_C_LANGUAGE_STANDARD = gnu11;
				GCC_NO_COMMON_BLOCKS = YES;
				GCC_WARN_64_TO_32_BIT_CONVERSION = YES;
				GCC_WARN_ABOUT_RETURN_TYPE = YES_ERROR;
				GCC_WARN_UNDECLARED_SELECTOR = YES;
				GCC_WARN_UNINITIALIZED_AUTOS = YES_AGGRESSIVE;
				GCC_WARN_UNUSED_FUNCTION = YES;
				GCC_WARN_UNUSED_VARIABLE = YES;
				IPHONEOS_DEPLOYMENT_TARGET = 16.4;
				MTL_ENABLE_DEBUG_INFO = NO;
				MTL_FAST_MATH = YES;
				SDKROOT = iphoneos;
				SWIFT_COMPILATION_MODE = wholemodule;
				SWIFT_OPTIMIZATION_LEVEL = "-O";
				VALIDATE_PRODUCT = YES;
			};
			name = Release;
		};
		442F3CDA2A20D0B600CAAAE3 /* Debug */ = {
			isa = XCBuildConfiguration;
			buildSettings = {
				ASSETCATALOG_COMPILER_APPICON_NAME = AppIcon;
				ASSETCATALOG_COMPILER_GLOBAL_ACCENT_COLOR_NAME = AccentColor;
				CODE_SIGN_STYLE = Automatic;
				CURRENT_PROJECT_VERSION = 1;
				DEVELOPMENT_TEAM = 8H2679RM7P;
				GENERATE_INFOPLIST_FILE = YES;
				INFOPLIST_FILE = FoodRecipes/Info.plist;
				INFOPLIST_KEY_UIApplicationSupportsIndirectInputEvents = YES;
				INFOPLIST_KEY_UILaunchStoryboardName = LaunchScreen;
				INFOPLIST_KEY_UIMainStoryboardFile = Main;
				INFOPLIST_KEY_UISupportedInterfaceOrientations_iPad = "UIInterfaceOrientationPortrait UIInterfaceOrientationPortraitUpsideDown UIInterfaceOrientationLandscapeLeft UIInterfaceOrientationLandscapeRight";
				INFOPLIST_KEY_UISupportedInterfaceOrientations_iPhone = "UIInterfaceOrientationPortrait UIInterfaceOrientationLandscapeLeft UIInterfaceOrientationLandscapeRight";
				LD_RUNPATH_SEARCH_PATHS = (
					"$(inherited)",
					"@executable_path/Frameworks",
				);
				MARKETING_VERSION = 1.0;
				PRODUCT_BUNDLE_IDENTIFIER = mariam.FoodRecipes;
				PRODUCT_NAME = "$(TARGET_NAME)";
				SWIFT_EMIT_LOC_STRINGS = YES;
				SWIFT_VERSION = 5.0;
				TARGETED_DEVICE_FAMILY = "1,2";
			};
			name = Debug;
		};
		442F3CDB2A20D0B600CAAAE3 /* Release */ = {
			isa = XCBuildConfiguration;
			buildSettings = {
				ASSETCATALOG_COMPILER_APPICON_NAME = AppIcon;
				ASSETCATALOG_COMPILER_GLOBAL_ACCENT_COLOR_NAME = AccentColor;
				CODE_SIGN_STYLE = Automatic;
				CURRENT_PROJECT_VERSION = 1;
				DEVELOPMENT_TEAM = 8H2679RM7P;
				GENERATE_INFOPLIST_FILE = YES;
				INFOPLIST_FILE = FoodRecipes/Info.plist;
				INFOPLIST_KEY_UIApplicationSupportsIndirectInputEvents = YES;
				INFOPLIST_KEY_UILaunchStoryboardName = LaunchScreen;
				INFOPLIST_KEY_UIMainStoryboardFile = Main;
				INFOPLIST_KEY_UISupportedInterfaceOrientations_iPad = "UIInterfaceOrientationPortrait UIInterfaceOrientationPortraitUpsideDown UIInterfaceOrientationLandscapeLeft UIInterfaceOrientationLandscapeRight";
				INFOPLIST_KEY_UISupportedInterfaceOrientations_iPhone = "UIInterfaceOrientationPortrait UIInterfaceOrientationLandscapeLeft UIInterfaceOrientationLandscapeRight";
				LD_RUNPATH_SEARCH_PATHS = (
					"$(inherited)",
					"@executable_path/Frameworks",
				);
				MARKETING_VERSION = 1.0;
				PRODUCT_BUNDLE_IDENTIFIER = mariam.FoodRecipes;
				PRODUCT_NAME = "$(TARGET_NAME)";
				SWIFT_EMIT_LOC_STRINGS = YES;
				SWIFT_VERSION = 5.0;
				TARGETED_DEVICE_FAMILY = "1,2";
			};
			name = Release;
		};
		442F3CDD2A20D0B600CAAAE3 /* Debug */ = {
			isa = XCBuildConfiguration;
			buildSettings = {
				ALWAYS_EMBED_SWIFT_STANDARD_LIBRARIES = YES;
				BUNDLE_LOADER = "$(TEST_HOST)";
				CODE_SIGN_STYLE = Automatic;
				CURRENT_PROJECT_VERSION = 1;
				DEVELOPMENT_TEAM = 8H2679RM7P;
				GENERATE_INFOPLIST_FILE = YES;
				IPHONEOS_DEPLOYMENT_TARGET = 16.4;
				MARKETING_VERSION = 1.0;
				PRODUCT_BUNDLE_IDENTIFIER = mariam.FoodRecipesTests;
				PRODUCT_NAME = "$(TARGET_NAME)";
				SWIFT_EMIT_LOC_STRINGS = NO;
				SWIFT_VERSION = 5.0;
				TARGETED_DEVICE_FAMILY = "1,2";
				TEST_HOST = "$(BUILT_PRODUCTS_DIR)/FoodRecipes.app/$(BUNDLE_EXECUTABLE_FOLDER_PATH)/FoodRecipes";
			};
			name = Debug;
		};
		442F3CDE2A20D0B600CAAAE3 /* Release */ = {
			isa = XCBuildConfiguration;
			buildSettings = {
				ALWAYS_EMBED_SWIFT_STANDARD_LIBRARIES = YES;
				BUNDLE_LOADER = "$(TEST_HOST)";
				CODE_SIGN_STYLE = Automatic;
				CURRENT_PROJECT_VERSION = 1;
				DEVELOPMENT_TEAM = 8H2679RM7P;
				GENERATE_INFOPLIST_FILE = YES;
				IPHONEOS_DEPLOYMENT_TARGET = 16.4;
				MARKETING_VERSION = 1.0;
				PRODUCT_BUNDLE_IDENTIFIER = mariam.FoodRecipesTests;
				PRODUCT_NAME = "$(TARGET_NAME)";
				SWIFT_EMIT_LOC_STRINGS = NO;
				SWIFT_VERSION = 5.0;
				TARGETED_DEVICE_FAMILY = "1,2";
				TEST_HOST = "$(BUILT_PRODUCTS_DIR)/FoodRecipes.app/$(BUNDLE_EXECUTABLE_FOLDER_PATH)/FoodRecipes";
			};
			name = Release;
		};
		442F3CE02A20D0B600CAAAE3 /* Debug */ = {
			isa = XCBuildConfiguration;
			buildSettings = {
				ALWAYS_EMBED_SWIFT_STANDARD_LIBRARIES = YES;
				CODE_SIGN_STYLE = Automatic;
				CURRENT_PROJECT_VERSION = 1;
				DEVELOPMENT_TEAM = 8H2679RM7P;
				GENERATE_INFOPLIST_FILE = YES;
				MARKETING_VERSION = 1.0;
				PRODUCT_BUNDLE_IDENTIFIER = mariam.FoodRecipesUITests;
				PRODUCT_NAME = "$(TARGET_NAME)";
				SWIFT_EMIT_LOC_STRINGS = NO;
				SWIFT_VERSION = 5.0;
				TARGETED_DEVICE_FAMILY = "1,2";
				TEST_TARGET_NAME = FoodRecipes;
			};
			name = Debug;
		};
		442F3CE12A20D0B600CAAAE3 /* Release */ = {
			isa = XCBuildConfiguration;
			buildSettings = {
				ALWAYS_EMBED_SWIFT_STANDARD_LIBRARIES = YES;
				CODE_SIGN_STYLE = Automatic;
				CURRENT_PROJECT_VERSION = 1;
				DEVELOPMENT_TEAM = 8H2679RM7P;
				GENERATE_INFOPLIST_FILE = YES;
				MARKETING_VERSION = 1.0;
				PRODUCT_BUNDLE_IDENTIFIER = mariam.FoodRecipesUITests;
				PRODUCT_NAME = "$(TARGET_NAME)";
				SWIFT_EMIT_LOC_STRINGS = NO;
				SWIFT_VERSION = 5.0;
				TARGETED_DEVICE_FAMILY = "1,2";
				TEST_TARGET_NAME = FoodRecipes;
			};
			name = Release;
		};
/* End XCBuildConfiguration section */

/* Begin XCConfigurationList section */
		442F3CA72A20D0B400CAAAE3 /* Build configuration list for PBXProject "FoodRecipes" */ = {
			isa = XCConfigurationList;
			buildConfigurations = (
				442F3CD72A20D0B600CAAAE3 /* Debug */,
				442F3CD82A20D0B600CAAAE3 /* Release */,
			);
			defaultConfigurationIsVisible = 0;
			defaultConfigurationName = Release;
		};
		442F3CD92A20D0B600CAAAE3 /* Build configuration list for PBXNativeTarget "FoodRecipes" */ = {
			isa = XCConfigurationList;
			buildConfigurations = (
				442F3CDA2A20D0B600CAAAE3 /* Debug */,
				442F3CDB2A20D0B600CAAAE3 /* Release */,
			);
			defaultConfigurationIsVisible = 0;
			defaultConfigurationName = Release;
		};
		442F3CDC2A20D0B600CAAAE3 /* Build configuration list for PBXNativeTarget "FoodRecipesTests" */ = {
			isa = XCConfigurationList;
			buildConfigurations = (
				442F3CDD2A20D0B600CAAAE3 /* Debug */,
				442F3CDE2A20D0B600CAAAE3 /* Release */,
			);
			defaultConfigurationIsVisible = 0;
			defaultConfigurationName = Release;
		};
		442F3CDF2A20D0B600CAAAE3 /* Build configuration list for PBXNativeTarget "FoodRecipesUITests" */ = {
			isa = XCConfigurationList;
			buildConfigurations = (
				442F3CE02A20D0B600CAAAE3 /* Debug */,
				442F3CE12A20D0B600CAAAE3 /* Release */,
			);
			defaultConfigurationIsVisible = 0;
			defaultConfigurationName = Release;
		};
/* End XCConfigurationList section */

/* Begin XCVersionGroup section */
		442F3CB82A20D0B400CAAAE3 /* FoodRecipes.xcdatamodeld */ = {
			isa = XCVersionGroup;
			children = (
				442F3CB92A20D0B400CAAAE3 /* FoodRecipes.xcdatamodel */,
			);
			currentVersion = 442F3CB92A20D0B400CAAAE3 /* FoodRecipes.xcdatamodel */;
			path = FoodRecipes.xcdatamodeld;
			sourceTree = "<group>";
			versionGroupType = wrapper.xcdatamodel;
		};
/* End XCVersionGroup section */
	};
	rootObject = 442F3CA42A20D0B400CAAAE3 /* Project object */;
}
