// !$*UTF8*$!
{
	archiveVersion = 1;
	classes = {
	};
	objectVersion = 56;
	objects = {

/* Begin PBXBuildFile section */
		442F3CB02A20D0B400CAAAE3 /* AppDelegate.swift in Sources */ = {isa = PBXBuildFile; fileRef = 442F3CAF2A20D0B400CAAAE3 /* AppDelegate.swift */; };
		442F3CB22A20D0B400CAAAE3 /* SceneDelegate.swift in Sources */ = {isa = PBXBuildFile; fileRef = 442F3CB12A20D0B400CAAAE3 /* SceneDelegate.swift */; };
		442F3CB42A20D0B400CAAAE3 /* ViewController.swift in Sources */ = {isa = PBXBuildFile; fileRef = 442F3CB32A20D0B400CAAAE3 /* ViewController.swift */; };
		442F3CBA2A20D0B400CAAAE3 /* FoodRecipes.xcdatamodeld in Sources */ = {isa = PBXBuildFile; fileRef = 442F3CB82A20D0B400CAAAE3 /* FoodRecipes.xcdatamodeld */; };
		442F3CBC2A20D0B600CAAAE3 /* Assets.xcassets in Resources */ = {isa = PBXBuildFile; fileRef = 442F3CBB2A20D0B600CAAAE3 /* Assets.xcassets */; };
		442F3CBF2A20D0B600CAAAE3 /* LaunchScreen.storyboard in Resources */ = {isa = PBXBuildFile; fileRef = 442F3CBD2A20D0B600CAAAE3 /* LaunchScreen.storyboard */; };
		442F3CCA2A20D0B600CAAAE3 /* FoodRecipesTests.swift in Sources */ = {isa = PBXBuildFile; fileRef = 442F3CC92A20D0B600CAAAE3 /* FoodRecipesTests.swift */; };
		442F3CD42A20D0B600CAAAE3 /* FoodRecipesUITests.swift in Sources */ = {isa = PBXBuildFile; fileRef = 442F3CD32A20D0B600CAAAE3 /* FoodRecipesUITests.swift */; };
		442F3CD62A20D0B600CAAAE3 /* FoodRecipesUITestsLaunchTests.swift in Sources */ = {isa = PBXBuildFile; fileRef = 442F3CD52A20D0B600CAAAE3 /* FoodRecipesUITestsLaunchTests.swift */; };
		44ABFE432A20DADA001CE419 /* FavoriteViewController.swift in Sources */ = {isa = PBXBuildFile; fileRef = 44ABFE412A20DADA001CE419 /* FavoriteViewController.swift */; };
		44ABFE442A20DADA001CE419 /* FavoriteViewController.xib in Resources */ = {isa = PBXBuildFile; fileRef = 44ABFE422A20DADA001CE419 /* FavoriteViewController.xib */; };
		8C4344CF2A20F78C001E499C /* HomeViewModel.swift in Sources */ = {isa = PBXBuildFile; fileRef = 8C4344CE2A20F78C001E499C /* HomeViewModel.swift */; };
		8C4344D12A20F982001E499C /* Constants.swift in Sources */ = {isa = PBXBuildFile; fileRef = 8C4344D02A20F982001E499C /* Constants.swift */; };
		8C4344D32A210219001E499C /* TabBar.swift in Sources */ = {isa = PBXBuildFile; fileRef = 8C4344D22A210219001E499C /* TabBar.swift */; };
		8C4344DE2A210ECB001E499C /* DataBase.swift in Sources */ = {isa = PBXBuildFile; fileRef = 8C4344DD2A210ECB001E499C /* DataBase.swift */; };
		8C4344E02A21102C001E499C /* Meal.swift in Sources */ = {isa = PBXBuildFile; fileRef = 8C4344DF2A21102C001E499C /* Meal.swift */; };
		8C4344E22A211061001E499C /* Credit.swift in Sources */ = {isa = PBXBuildFile; fileRef = 8C4344E12A211061001E499C /* Credit.swift */; };
		8C4344E42A211085001E499C /* Instruction.swift in Sources */ = {isa = PBXBuildFile; fileRef = 8C4344E32A211085001E499C /* Instruction.swift */; };
		8C4344E62A2110DA001E499C /* Ingredients.swift in Sources */ = {isa = PBXBuildFile; fileRef = 8C4344E52A2110DA001E499C /* Ingredients.swift */; };
		8CF8848B2A20E16800D7CB7F /* MealModel.swift in Sources */ = {isa = PBXBuildFile; fileRef = 8CF8848A2A20E16800D7CB7F /* MealModel.swift */; };
		8CF8848F2A20E49000D7CB7F /* Network.swift in Sources */ = {isa = PBXBuildFile; fileRef = 8CF8848E2A20E49000D7CB7F /* Network.swift */; };
		BCA5C1FA2A20E0AE0012CC5E /* TopCell.swift in Sources */ = {isa = PBXBuildFile; fileRef = BCA5C1F82A20E0AE0012CC5E /* TopCell.swift */; };
		BCA5C1FB2A20E0AE0012CC5E /* TopCell.xib in Resources */ = {isa = PBXBuildFile; fileRef = BCA5C1F92A20E0AE0012CC5E /* TopCell.xib */; };
		BCBE7BB02A212723008FE227 /* CategoriesCellTableViewCell.xib in Resources */ = {isa = PBXBuildFile; fileRef = BCBE7BAF2A212723008FE227 /* CategoriesCellTableViewCell.xib */; };
		BCBE7BB22A21272C008FE227 /* CategoriesCellTableViewCell.swift in Sources */ = {isa = PBXBuildFile; fileRef = BCBE7BB12A21272C008FE227 /* CategoriesCellTableViewCell.swift */; };
		BCFE5AFB2A20E31A008CC802 /* Style.swift in Sources */ = {isa = PBXBuildFile; fileRef = BCFE5AFA2A20E31A008CC802 /* Style.swift */; };
		BCFE5B002A20E3CE008CC802 /* HomeViewController.xib in Resources */ = {isa = PBXBuildFile; fileRef = BCFE5AFE2A20E3CE008CC802 /* HomeViewController.xib */; };
		BCFF17442A20E6E500F58A03 /* HomeViewController.swift in Sources */ = {isa = PBXBuildFile; fileRef = BCFF17432A20E6E500F58A03 /* HomeViewController.swift */; };
		BCFF17472A20E9E000F58A03 /* Categories.swift in Sources */ = {isa = PBXBuildFile; fileRef = BCFF17462A20E9E000F58A03 /* Categories.swift */; };
		D02A8530C86662666CB6FFA1 /* Pods_FoodRecipes_FoodRecipesUITests.framework in Frameworks */ = {isa = PBXBuildFile; fileRef = 13451E23670AE1760CDD8656 /* Pods_FoodRecipes_FoodRecipesUITests.framework */; };
		E70FA13B59BD63D9030B20D2 /* Pods_FoodRecipes.framework in Frameworks */ = {isa = PBXBuildFile; fileRef = 4073F620E2431F432FBB2050 /* Pods_FoodRecipes.framework */; };
		E80E5B8652C81A72B2FA9F72 /* Pods_FoodRecipesTests.framework in Frameworks */ = {isa = PBXBuildFile; fileRef = 6287681DC4CC22F3F218F149 /* Pods_FoodRecipesTests.framework */; };
/* End PBXBuildFile section */

/* Begin PBXContainerItemProxy section */
		442F3CC62A20D0B600CAAAE3 /* PBXContainerItemProxy */ = {
			isa = PBXContainerItemProxy;
			containerPortal = 442F3CA42A20D0B400CAAAE3 /* Project object */;
			proxyType = 1;
			remoteGlobalIDString = 442F3CAB2A20D0B400CAAAE3;
			remoteInfo = FoodRecipes;
		};
		442F3CD02A20D0B600CAAAE3 /* PBXContainerItemProxy */ = {
			isa = PBXContainerItemProxy;
			containerPortal = 442F3CA42A20D0B400CAAAE3 /* Project object */;
			proxyType = 1;
			remoteGlobalIDString = 442F3CAB2A20D0B400CAAAE3;
			remoteInfo = FoodRecipes;
		};
/* End PBXContainerItemProxy section */

/* Begin PBXFileReference section */
		13451E23670AE1760CDD8656 /* Pods_FoodRecipes_FoodRecipesUITests.framework */ = {isa = PBXFileReference; explicitFileType = wrapper.framework; includeInIndex = 0; path = Pods_FoodRecipes_FoodRecipesUITests.framework; sourceTree = BUILT_PRODUCTS_DIR; };
		2DFBB8506740A35BA090E1F5 /* Pods-FoodRecipes.debug.xcconfig */ = {isa = PBXFileReference; includeInIndex = 1; lastKnownFileType = text.xcconfig; name = "Pods-FoodRecipes.debug.xcconfig"; path = "Target Support Files/Pods-FoodRecipes/Pods-FoodRecipes.debug.xcconfig"; sourceTree = "<group>"; };
		4073F620E2431F432FBB2050 /* Pods_FoodRecipes.framework */ = {isa = PBXFileReference; explicitFileType = wrapper.framework; includeInIndex = 0; path = Pods_FoodRecipes.framework; sourceTree = BUILT_PRODUCTS_DIR; };
		442F3CAC2A20D0B400CAAAE3 /* FoodRecipes.app */ = {isa = PBXFileReference; explicitFileType = wrapper.application; includeInIndex = 0; path = FoodRecipes.app; sourceTree = BUILT_PRODUCTS_DIR; };
		442F3CAF2A20D0B400CAAAE3 /* AppDelegate.swift */ = {isa = PBXFileReference; lastKnownFileType = sourcecode.swift; path = AppDelegate.swift; sourceTree = "<group>"; };
		442F3CB12A20D0B400CAAAE3 /* SceneDelegate.swift */ = {isa = PBXFileReference; lastKnownFileType = sourcecode.swift; path = SceneDelegate.swift; sourceTree = "<group>"; };
		442F3CB32A20D0B400CAAAE3 /* ViewController.swift */ = {isa = PBXFileReference; lastKnownFileType = sourcecode.swift; path = ViewController.swift; sourceTree = "<group>"; };
		442F3CB92A20D0B400CAAAE3 /* FoodRecipes.xcdatamodel */ = {isa = PBXFileReference; lastKnownFileType = wrapper.xcdatamodel; path = FoodRecipes.xcdatamodel; sourceTree = "<group>"; };
		442F3CBB2A20D0B600CAAAE3 /* Assets.xcassets */ = {isa = PBXFileReference; lastKnownFileType = folder.assetcatalog; path = Assets.xcassets; sourceTree = "<group>"; };
		442F3CBE2A20D0B600CAAAE3 /* Base */ = {isa = PBXFileReference; lastKnownFileType = file.storyboard; name = Base; path = Base.lproj/LaunchScreen.storyboard; sourceTree = "<group>"; };
		442F3CC02A20D0B600CAAAE3 /* Info.plist */ = {isa = PBXFileReference; lastKnownFileType = text.plist.xml; path = Info.plist; sourceTree = "<group>"; };
		442F3CC52A20D0B600CAAAE3 /* FoodRecipesTests.xctest */ = {isa = PBXFileReference; explicitFileType = wrapper.cfbundle; includeInIndex = 0; path = FoodRecipesTests.xctest; sourceTree = BUILT_PRODUCTS_DIR; };
		442F3CC92A20D0B600CAAAE3 /* FoodRecipesTests.swift */ = {isa = PBXFileReference; lastKnownFileType = sourcecode.swift; path = FoodRecipesTests.swift; sourceTree = "<group>"; };
		442F3CCF2A20D0B600CAAAE3 /* FoodRecipesUITests.xctest */ = {isa = PBXFileReference; explicitFileType = wrapper.cfbundle; includeInIndex = 0; path = FoodRecipesUITests.xctest; sourceTree = BUILT_PRODUCTS_DIR; };
		442F3CD32A20D0B600CAAAE3 /* FoodRecipesUITests.swift */ = {isa = PBXFileReference; lastKnownFileType = sourcecode.swift; path = FoodRecipesUITests.swift; sourceTree = "<group>"; };
		442F3CD52A20D0B600CAAAE3 /* FoodRecipesUITestsLaunchTests.swift */ = {isa = PBXFileReference; lastKnownFileType = sourcecode.swift; path = FoodRecipesUITestsLaunchTests.swift; sourceTree = "<group>"; };
		44ABFE412A20DADA001CE419 /* FavoriteViewController.swift */ = {isa = PBXFileReference; lastKnownFileType = sourcecode.swift; path = FavoriteViewController.swift; sourceTree = "<group>"; };
		44ABFE422A20DADA001CE419 /* FavoriteViewController.xib */ = {isa = PBXFileReference; lastKnownFileType = file.xib; path = FavoriteViewController.xib; sourceTree = "<group>"; };
		50EBCF6E3CE2FD59649A3297 /* Pods-FoodRecipes-FoodRecipesUITests.release.xcconfig */ = {isa = PBXFileReference; includeInIndex = 1; lastKnownFileType = text.xcconfig; name = "Pods-FoodRecipes-FoodRecipesUITests.release.xcconfig"; path = "Target Support Files/Pods-FoodRecipes-FoodRecipesUITests/Pods-FoodRecipes-FoodRecipesUITests.release.xcconfig"; sourceTree = "<group>"; };
		6287681DC4CC22F3F218F149 /* Pods_FoodRecipesTests.framework */ = {isa = PBXFileReference; explicitFileType = wrapper.framework; includeInIndex = 0; path = Pods_FoodRecipesTests.framework; sourceTree = BUILT_PRODUCTS_DIR; };
		8317FE20F43984808C63C6CD /* Pods-FoodRecipesTests.debug.xcconfig */ = {isa = PBXFileReference; includeInIndex = 1; lastKnownFileType = text.xcconfig; name = "Pods-FoodRecipesTests.debug.xcconfig"; path = "Target Support Files/Pods-FoodRecipesTests/Pods-FoodRecipesTests.debug.xcconfig"; sourceTree = "<group>"; };
		8C4344CE2A20F78C001E499C /* HomeViewModel.swift */ = {isa = PBXFileReference; lastKnownFileType = sourcecode.swift; path = HomeViewModel.swift; sourceTree = "<group>"; };
		8C4344D02A20F982001E499C /* Constants.swift */ = {isa = PBXFileReference; lastKnownFileType = sourcecode.swift; path = Constants.swift; sourceTree = "<group>"; };
		8C4344D22A210219001E499C /* TabBar.swift */ = {isa = PBXFileReference; lastKnownFileType = sourcecode.swift; path = TabBar.swift; sourceTree = "<group>"; };
		8C4344DD2A210ECB001E499C /* DataBase.swift */ = {isa = PBXFileReference; lastKnownFileType = sourcecode.swift; path = DataBase.swift; sourceTree = "<group>"; };
		8C4344DF2A21102C001E499C /* Meal.swift */ = {isa = PBXFileReference; lastKnownFileType = sourcecode.swift; path = Meal.swift; sourceTree = "<group>"; };
		8C4344E12A211061001E499C /* Credit.swift */ = {isa = PBXFileReference; lastKnownFileType = sourcecode.swift; path = Credit.swift; sourceTree = "<group>"; };
		8C4344E32A211085001E499C /* Instruction.swift */ = {isa = PBXFileReference; lastKnownFileType = sourcecode.swift; path = Instruction.swift; sourceTree = "<group>"; };
		8C4344E52A2110DA001E499C /* Ingredients.swift */ = {isa = PBXFileReference; lastKnownFileType = sourcecode.swift; path = Ingredients.swift; sourceTree = "<group>"; };
		8CF8848A2A20E16800D7CB7F /* MealModel.swift */ = {isa = PBXFileReference; lastKnownFileType = sourcecode.swift; path = MealModel.swift; sourceTree = "<group>"; };
		8CF8848E2A20E49000D7CB7F /* Network.swift */ = {isa = PBXFileReference; lastKnownFileType = sourcecode.swift; path = Network.swift; sourceTree = "<group>"; };
		9493F5C03B508FD803126881 /* Pods-FoodRecipes-FoodRecipesUITests.debug.xcconfig */ = {isa = PBXFileReference; includeInIndex = 1; lastKnownFileType = text.xcconfig; name = "Pods-FoodRecipes-FoodRecipesUITests.debug.xcconfig"; path = "Target Support Files/Pods-FoodRecipes-FoodRecipesUITests/Pods-FoodRecipes-FoodRecipesUITests.debug.xcconfig"; sourceTree = "<group>"; };
		BCA5C1F82A20E0AE0012CC5E /* TopCell.swift */ = {isa = PBXFileReference; lastKnownFileType = sourcecode.swift; path = TopCell.swift; sourceTree = "<group>"; };
		BCA5C1F92A20E0AE0012CC5E /* TopCell.xib */ = {isa = PBXFileReference; lastKnownFileType = file.xib; path = TopCell.xib; sourceTree = "<group>"; };
		BCBE7BAF2A212723008FE227 /* CategoriesCellTableViewCell.xib */ = {isa = PBXFileReference; fileEncoding = 4; lastKnownFileType = file.xib; name = CategoriesCellTableViewCell.xib; path = FoodRecipes/CategoriesCell/CategoriesCellTableViewCell.xib; sourceTree = SOURCE_ROOT; };
		BCBE7BB12A21272C008FE227 /* CategoriesCellTableViewCell.swift */ = {isa = PBXFileReference; fileEncoding = 4; lastKnownFileType = sourcecode.swift; name = CategoriesCellTableViewCell.swift; path = FoodRecipes/CategoriesCell/CategoriesCellTableViewCell.swift; sourceTree = SOURCE_ROOT; };
		BCFE5AFA2A20E31A008CC802 /* Style.swift */ = {isa = PBXFileReference; lastKnownFileType = sourcecode.swift; path = Style.swift; sourceTree = "<group>"; };
		BCFE5AFE2A20E3CE008CC802 /* HomeViewController.xib */ = {isa = PBXFileReference; lastKnownFileType = file.xib; path = HomeViewController.xib; sourceTree = "<group>"; };
		BCFF17432A20E6E500F58A03 /* HomeViewController.swift */ = {isa = PBXFileReference; lastKnownFileType = sourcecode.swift; path = HomeViewController.swift; sourceTree = "<group>"; };
		BCFF17462A20E9E000F58A03 /* Categories.swift */ = {isa = PBXFileReference; lastKnownFileType = sourcecode.swift; path = Categories.swift; sourceTree = "<group>"; };
		D4DC85725C3E853DDF6FF9F4 /* Pods-FoodRecipes.release.xcconfig */ = {isa = PBXFileReference; includeInIndex = 1; lastKnownFileType = text.xcconfig; name = "Pods-FoodRecipes.release.xcconfig"; path = "Target Support Files/Pods-FoodRecipes/Pods-FoodRecipes.release.xcconfig"; sourceTree = "<group>"; };
		F64EDDEF7F7F74D698FC82F8 /* Pods-FoodRecipesTests.release.xcconfig */ = {isa = PBXFileReference; includeInIndex = 1; lastKnownFileType = text.xcconfig; name = "Pods-FoodRecipesTests.release.xcconfig"; path = "Target Support Files/Pods-FoodRecipesTests/Pods-FoodRecipesTests.release.xcconfig"; sourceTree = "<group>"; };
/* End PBXFileReference section */

/* Begin PBXFrameworksBuildPhase section */
		442F3CA92A20D0B400CAAAE3 /* Frameworks */ = {
			isa = PBXFrameworksBuildPhase;
			buildActionMask = 2147483647;
			files = (
				E70FA13B59BD63D9030B20D2 /* Pods_FoodRecipes.framework in Frameworks */,
			);
			runOnlyForDeploymentPostprocessing = 0;
		};
		442F3CC22A20D0B600CAAAE3 /* Frameworks */ = {
			isa = PBXFrameworksBuildPhase;
			buildActionMask = 2147483647;
			files = (
				E80E5B8652C81A72B2FA9F72 /* Pods_FoodRecipesTests.framework in Frameworks */,
			);
			runOnlyForDeploymentPostprocessing = 0;
		};
		442F3CCC2A20D0B600CAAAE3 /* Frameworks */ = {
			isa = PBXFrameworksBuildPhase;
			buildActionMask = 2147483647;
			files = (
				D02A8530C86662666CB6FFA1 /* Pods_FoodRecipes_FoodRecipesUITests.framework in Frameworks */,
			);
			runOnlyForDeploymentPostprocessing = 0;
		};
/* End PBXFrameworksBuildPhase section */

/* Begin PBXGroup section */
		36CB3C53C882416B1858C3A1 /* Pods */ = {
			isa = PBXGroup;
			children = (
				2DFBB8506740A35BA090E1F5 /* Pods-FoodRecipes.debug.xcconfig */,
				D4DC85725C3E853DDF6FF9F4 /* Pods-FoodRecipes.release.xcconfig */,
				9493F5C03B508FD803126881 /* Pods-FoodRecipes-FoodRecipesUITests.debug.xcconfig */,
				50EBCF6E3CE2FD59649A3297 /* Pods-FoodRecipes-FoodRecipesUITests.release.xcconfig */,
				8317FE20F43984808C63C6CD /* Pods-FoodRecipesTests.debug.xcconfig */,
				F64EDDEF7F7F74D698FC82F8 /* Pods-FoodRecipesTests.release.xcconfig */,
			);
			path = Pods;
			sourceTree = "<group>";
		};
		3CA534BC0603DA2D712396CC /* Frameworks */ = {
			isa = PBXGroup;
			children = (
				4073F620E2431F432FBB2050 /* Pods_FoodRecipes.framework */,
				13451E23670AE1760CDD8656 /* Pods_FoodRecipes_FoodRecipesUITests.framework */,
				6287681DC4CC22F3F218F149 /* Pods_FoodRecipesTests.framework */,
			);
			name = Frameworks;
			sourceTree = "<group>";
		};
		442F3CA32A20D0B400CAAAE3 = {
			isa = PBXGroup;
			children = (
				442F3CAE2A20D0B400CAAAE3 /* FoodRecipes */,
				442F3CC82A20D0B600CAAAE3 /* FoodRecipesTests */,
				442F3CD22A20D0B600CAAAE3 /* FoodRecipesUITests */,
				442F3CAD2A20D0B400CAAAE3 /* Products */,
				36CB3C53C882416B1858C3A1 /* Pods */,
				3CA534BC0603DA2D712396CC /* Frameworks */,
			);
			sourceTree = "<group>";
		};
		442F3CAD2A20D0B400CAAAE3 /* Products */ = {
			isa = PBXGroup;
			children = (
				442F3CAC2A20D0B400CAAAE3 /* FoodRecipes.app */,
				442F3CC52A20D0B600CAAAE3 /* FoodRecipesTests.xctest */,
				442F3CCF2A20D0B600CAAAE3 /* FoodRecipesUITests.xctest */,
			);
			name = Products;
			sourceTree = "<group>";
		};
		442F3CAE2A20D0B400CAAAE3 /* FoodRecipes */ = {
			isa = PBXGroup;
			children = (
				8CF8848C2A20E46600D7CB7F /* Services */,
				8CF884892A20E11D00D7CB7F /* Models */,
				44ABFE3E2A20DA94001CE419 /* FavoriteScreen */,
				44ABFE372A20D766001CE419 /* CategoriesCell */,
				BCFE5AFC2A20E36B008CC802 /* Modules */,
				BCFE5AF92A20E304008CC802 /* Utilities */,
				442F3CAF2A20D0B400CAAAE3 /* AppDelegate.swift */,
				442F3CB12A20D0B400CAAAE3 /* SceneDelegate.swift */,
				442F3CB32A20D0B400CAAAE3 /* ViewController.swift */,
				442F3CBB2A20D0B600CAAAE3 /* Assets.xcassets */,
				442F3CBD2A20D0B600CAAAE3 /* LaunchScreen.storyboard */,
				442F3CC02A20D0B600CAAAE3 /* Info.plist */,
				442F3CB82A20D0B400CAAAE3 /* FoodRecipes.xcdatamodeld */,
				8C4344D02A20F982001E499C /* Constants.swift */,
				8C4344D22A210219001E499C /* TabBar.swift */,
			);
			path = FoodRecipes;
			sourceTree = "<group>";
		};
		442F3CC82A20D0B600CAAAE3 /* FoodRecipesTests */ = {
			isa = PBXGroup;
			children = (
				442F3CC92A20D0B600CAAAE3 /* FoodRecipesTests.swift */,
			);
			path = FoodRecipesTests;
			sourceTree = "<group>";
		};
		442F3CD22A20D0B600CAAAE3 /* FoodRecipesUITests */ = {
			isa = PBXGroup;
			children = (
				442F3CD32A20D0B600CAAAE3 /* FoodRecipesUITests.swift */,
				442F3CD52A20D0B600CAAAE3 /* FoodRecipesUITestsLaunchTests.swift */,
			);
			path = FoodRecipesUITests;
			sourceTree = "<group>";
		};
		44ABFE372A20D766001CE419 /* CategoriesCell */ = {
			isa = PBXGroup;
			children = (
				BCBE7BB12A21272C008FE227 /* CategoriesCellTableViewCell.swift */,
				BCBE7BAF2A212723008FE227 /* CategoriesCellTableViewCell.xib */,
			);
			name = CategoriesCell;
			path = ../../../CategoriesCell;
			sourceTree = "<group>";
		};
		44ABFE3E2A20DA94001CE419 /* FavoriteScreen */ = {
			isa = PBXGroup;
			children = (
				44ABFE412A20DADA001CE419 /* FavoriteViewController.swift */,
				44ABFE422A20DADA001CE419 /* FavoriteViewController.xib */,
			);
			path = FavoriteScreen;
			sourceTree = "<group>";
		};
		8C4344CD2A20F774001E499C /* viewModel */ = {
			isa = PBXGroup;
			children = (
				8C4344CE2A20F78C001E499C /* HomeViewModel.swift */,
			);
			path = viewModel;
			sourceTree = "<group>";
		};
		8C4344DC2A210EAF001E499C /* CoreData */ = {
			isa = PBXGroup;
			children = (
				8C4344DD2A210ECB001E499C /* DataBase.swift */,
			);
			path = CoreData;
			sourceTree = "<group>";
		};
		8CF884892A20E11D00D7CB7F /* Models */ = {
			isa = PBXGroup;
			children = (
				8CF8848A2A20E16800D7CB7F /* MealModel.swift */,
				8C4344DF2A21102C001E499C /* Meal.swift */,
				8C4344E12A211061001E499C /* Credit.swift */,
				8C4344E32A211085001E499C /* Instruction.swift */,
				8C4344E52A2110DA001E499C /* Ingredients.swift */,
				BCFF17462A20E9E000F58A03 /* Categories.swift */,
			);
			path = Models;
			sourceTree = "<group>";
		};
		8CF8848C2A20E46600D7CB7F /* Services */ = {
			isa = PBXGroup;
			children = (
				8C4344DC2A210EAF001E499C /* CoreData */,
				8CF8848D2A20E47800D7CB7F /* NetworkManager */,
			);
			path = Services;
			sourceTree = "<group>";
		};
		8CF8848D2A20E47800D7CB7F /* NetworkManager */ = {
			isa = PBXGroup;
			children = (
				8CF8848E2A20E49000D7CB7F /* Network.swift */,
			);
			path = NetworkManager;
			sourceTree = "<group>";
		};
		BCA5C1F72A20E0990012CC5E /* TopCustomCell */ = {
			isa = PBXGroup;
			children = (
				BCA5C1F82A20E0AE0012CC5E /* TopCell.swift */,
				BCA5C1F92A20E0AE0012CC5E /* TopCell.xib */,
			);
			path = TopCustomCell;
			sourceTree = "<group>";
		};
		BCFE5AF92A20E304008CC802 /* Utilities */ = {
			isa = PBXGroup;
			children = (
				BCFE5AFA2A20E31A008CC802 /* Style.swift */,
			);
			path = Utilities;
			sourceTree = "<group>";
		};
		BCFE5AFC2A20E36B008CC802 /* Modules */ = {
			isa = PBXGroup;
			children = (
				BCFF17452A20E7C600F58A03 /* Home */,
			);
			path = Modules;
			sourceTree = "<group>";
		};
		BCFE5B012A20E3D9008CC802 /* View */ = {
			isa = PBXGroup;
			children = (
				BCA5C1F72A20E0990012CC5E /* TopCustomCell */,
				BCFE5AFE2A20E3CE008CC802 /* HomeViewController.xib */,
				BCFF17432A20E6E500F58A03 /* HomeViewController.swift */,
			);
			path = View;
			sourceTree = "<group>";
		};
		BCFF17452A20E7C600F58A03 /* Home */ = {
			isa = PBXGroup;
			children = (
				8C4344CD2A20F774001E499C /* viewModel */,
				BCFE5B012A20E3D9008CC802 /* View */,
			);
			path = Home;
			sourceTree = "<group>";
		};
/* End PBXGroup section */

/* Begin PBXNativeTarget section */
		442F3CAB2A20D0B400CAAAE3 /* FoodRecipes */ = {
			isa = PBXNativeTarget;
			buildConfigurationList = 442F3CD92A20D0B600CAAAE3 /* Build configuration list for PBXNativeTarget "FoodRecipes" */;
			buildPhases = (
				93B4EA25D70AE85B723EC59D /* [CP] Check Pods Manifest.lock */,
				442F3CA82A20D0B400CAAAE3 /* Sources */,
				442F3CA92A20D0B400CAAAE3 /* Frameworks */,
				442F3CAA2A20D0B400CAAAE3 /* Resources */,
				DA311E58563016AB2D96CBB9 /* [CP] Embed Pods Frameworks */,
			);
			buildRules = (
			);
			dependencies = (
			);
			name = FoodRecipes;
			productName = FoodRecipes;
			productReference = 442F3CAC2A20D0B400CAAAE3 /* FoodRecipes.app */;
			productType = "com.apple.product-type.application";
		};
		442F3CC42A20D0B600CAAAE3 /* FoodRecipesTests */ = {
			isa = PBXNativeTarget;
			buildConfigurationList = 442F3CDC2A20D0B600CAAAE3 /* Build configuration list for PBXNativeTarget "FoodRecipesTests" */;
			buildPhases = (
				9742F74A9C13F6A8140C9EFC /* [CP] Check Pods Manifest.lock */,
				442F3CC12A20D0B600CAAAE3 /* Sources */,
				442F3CC22A20D0B600CAAAE3 /* Frameworks */,
				442F3CC32A20D0B600CAAAE3 /* Resources */,
			);
			buildRules = (
			);
			dependencies = (
				442F3CC72A20D0B600CAAAE3 /* PBXTargetDependency */,
			);
			name = FoodRecipesTests;
			productName = FoodRecipesTests;
			productReference = 442F3CC52A20D0B600CAAAE3 /* FoodRecipesTests.xctest */;
			productType = "com.apple.product-type.bundle.unit-test";
		};
		442F3CCE2A20D0B600CAAAE3 /* FoodRecipesUITests */ = {
			isa = PBXNativeTarget;
			buildConfigurationList = 442F3CDF2A20D0B600CAAAE3 /* Build configuration list for PBXNativeTarget "FoodRecipesUITests" */;
			buildPhases = (
				2AD48B0E2C953BF96F966C12 /* [CP] Check Pods Manifest.lock */,
				442F3CCB2A20D0B600CAAAE3 /* Sources */,
				442F3CCC2A20D0B600CAAAE3 /* Frameworks */,
				442F3CCD2A20D0B600CAAAE3 /* Resources */,
				8DDB50F33E1358C65E3891AB /* [CP] Embed Pods Frameworks */,
			);
			buildRules = (
			);
			dependencies = (
				442F3CD12A20D0B600CAAAE3 /* PBXTargetDependency */,
			);
			name = FoodRecipesUITests;
			productName = FoodRecipesUITests;
			productReference = 442F3CCF2A20D0B600CAAAE3 /* FoodRecipesUITests.xctest */;
			productType = "com.apple.product-type.bundle.ui-testing";
		};
/* End PBXNativeTarget section */

/* Begin PBXProject section */
		442F3CA42A20D0B400CAAAE3 /* Project object */ = {
			isa = PBXProject;
			attributes = {
				BuildIndependentTargetsInParallel = 1;
				LastSwiftUpdateCheck = 1430;
				LastUpgradeCheck = 1430;
				TargetAttributes = {
					442F3CAB2A20D0B400CAAAE3 = {
						CreatedOnToolsVersion = 14.3;
					};
					442F3CC42A20D0B600CAAAE3 = {
						CreatedOnToolsVersion = 14.3;
						TestTargetID = 442F3CAB2A20D0B400CAAAE3;
					};
					442F3CCE2A20D0B600CAAAE3 = {
						CreatedOnToolsVersion = 14.3;
						TestTargetID = 442F3CAB2A20D0B400CAAAE3;
					};
				};
			};
			buildConfigurationList = 442F3CA72A20D0B400CAAAE3 /* Build configuration list for PBXProject "FoodRecipes" */;
			compatibilityVersion = "Xcode 14.0";
			developmentRegion = en;
			hasScannedForEncodings = 0;
			knownRegions = (
				en,
				Base,
			);
			mainGroup = 442F3CA32A20D0B400CAAAE3;
			productRefGroup = 442F3CAD2A20D0B400CAAAE3 /* Products */;
			projectDirPath = "";
			projectRoot = "";
			targets = (
				442F3CAB2A20D0B400CAAAE3 /* FoodRecipes */,
				442F3CC42A20D0B600CAAAE3 /* FoodRecipesTests */,
				442F3CCE2A20D0B600CAAAE3 /* FoodRecipesUITests */,
			);
		};
/* End PBXProject section */

/* Begin PBXResourcesBuildPhase section */
		442F3CAA2A20D0B400CAAAE3 /* Resources */ = {
			isa = PBXResourcesBuildPhase;
			buildActionMask = 2147483647;
			files = (
				442F3CBF2A20D0B600CAAAE3 /* LaunchScreen.storyboard in Resources */,
				BCA5C1FB2A20E0AE0012CC5E /* TopCell.xib in Resources */,
				442F3CBC2A20D0B600CAAAE3 /* Assets.xcassets in Resources */,
				BCFE5B002A20E3CE008CC802 /* HomeViewController.xib in Resources */,
				44ABFE442A20DADA001CE419 /* FavoriteViewController.xib in Resources */,
				BCBE7BB02A212723008FE227 /* CategoriesCellTableViewCell.xib in Resources */,
			);
			runOnlyForDeploymentPostprocessing = 0;
		};
		442F3CC32A20D0B600CAAAE3 /* Resources */ = {
			isa = PBXResourcesBuildPhase;
			buildActionMask = 2147483647;
			files = (
			);
			runOnlyForDeploymentPostprocessing = 0;
		};
		442F3CCD2A20D0B600CAAAE3 /* Resources */ = {
			isa = PBXResourcesBuildPhase;
			buildActionMask = 2147483647;
			files = (
			);
			runOnlyForDeploymentPostprocessing = 0;
		};
/* End PBXResourcesBuildPhase section */

/* Begin PBXShellScriptBuildPhase section */
		2AD48B0E2C953BF96F966C12 /* [CP] Check Pods Manifest.lock */ = {
			isa = PBXShellScriptBuildPhase;
			buildActionMask = 2147483647;
			files = (
			);
			inputFileListPaths = (
			);
			inputPaths = (
				"${PODS_PODFILE_DIR_PATH}/Podfile.lock",
				"${PODS_ROOT}/Manifest.lock",
			);
			name = "[CP] Check Pods Manifest.lock";
			outputFileListPaths = (
			);
			outputPaths = (
				"$(DERIVED_FILE_DIR)/Pods-FoodRecipes-FoodRecipesUITests-checkManifestLockResult.txt",
			);
			runOnlyForDeploymentPostprocessing = 0;
			shellPath = /bin/sh;
			shellScript = "diff \"${PODS_PODFILE_DIR_PATH}/Podfile.lock\" \"${PODS_ROOT}/Manifest.lock\" > /dev/null\nif [ $? != 0 ] ; then\n    # print error to STDERR\n    echo \"error: The sandbox is not in sync with the Podfile.lock. Run 'pod install' or update your CocoaPods installation.\" >&2\n    exit 1\nfi\n# This output is used by Xcode 'outputs' to avoid re-running this script phase.\necho \"SUCCESS\" > \"${SCRIPT_OUTPUT_FILE_0}\"\n";
			showEnvVarsInLog = 0;
		};
		8DDB50F33E1358C65E3891AB /* [CP] Embed Pods Frameworks */ = {
			isa = PBXShellScriptBuildPhase;
			buildActionMask = 2147483647;
			files = (
			);
			inputFileListPaths = (
				"${PODS_ROOT}/Target Support Files/Pods-FoodRecipes-FoodRecipesUITests/Pods-FoodRecipes-FoodRecipesUITests-frameworks-${CONFIGURATION}-input-files.xcfilelist",
			);
			name = "[CP] Embed Pods Frameworks";
			outputFileListPaths = (
				"${PODS_ROOT}/Target Support Files/Pods-FoodRecipes-FoodRecipesUITests/Pods-FoodRecipes-FoodRecipesUITests-frameworks-${CONFIGURATION}-output-files.xcfilelist",
			);
			runOnlyForDeploymentPostprocessing = 0;
			shellPath = /bin/sh;
			shellScript = "\"${PODS_ROOT}/Target Support Files/Pods-FoodRecipes-FoodRecipesUITests/Pods-FoodRecipes-FoodRecipesUITests-frameworks.sh\"\n";
			showEnvVarsInLog = 0;
		};
		93B4EA25D70AE85B723EC59D /* [CP] Check Pods Manifest.lock */ = {
			isa = PBXShellScriptBuildPhase;
			buildActionMask = 2147483647;
			files = (
			);
			inputFileListPaths = (
			);
			inputPaths = (
				"${PODS_PODFILE_DIR_PATH}/Podfile.lock",
				"${PODS_ROOT}/Manifest.lock",
			);
			name = "[CP] Check Pods Manifest.lock";
			outputFileListPaths = (
			);
			outputPaths = (
				"$(DERIVED_FILE_DIR)/Pods-FoodRecipes-checkManifestLockResult.txt",
			);
			runOnlyForDeploymentPostprocessing = 0;
			shellPath = /bin/sh;
			shellScript = "diff \"${PODS_PODFILE_DIR_PATH}/Podfile.lock\" \"${PODS_ROOT}/Manifest.lock\" > /dev/null\nif [ $? != 0 ] ; then\n    # print error to STDERR\n    echo \"error: The sandbox is not in sync with the Podfile.lock. Run 'pod install' or update your CocoaPods installation.\" >&2\n    exit 1\nfi\n# This output is used by Xcode 'outputs' to avoid re-running this script phase.\necho \"SUCCESS\" > \"${SCRIPT_OUTPUT_FILE_0}\"\n";
			showEnvVarsInLog = 0;
		};
		9742F74A9C13F6A8140C9EFC /* [CP] Check Pods Manifest.lock */ = {
			isa = PBXShellScriptBuildPhase;
			buildActionMask = 2147483647;
			files = (
			);
			inputFileListPaths = (
			);
			inputPaths = (
				"${PODS_PODFILE_DIR_PATH}/Podfile.lock",
				"${PODS_ROOT}/Manifest.lock",
			);
			name = "[CP] Check Pods Manifest.lock";
			outputFileListPaths = (
			);
			outputPaths = (
				"$(DERIVED_FILE_DIR)/Pods-FoodRecipesTests-checkManifestLockResult.txt",
			);
			runOnlyForDeploymentPostprocessing = 0;
			shellPath = /bin/sh;
			shellScript = "diff \"${PODS_PODFILE_DIR_PATH}/Podfile.lock\" \"${PODS_ROOT}/Manifest.lock\" > /dev/null\nif [ $? != 0 ] ; then\n    # print error to STDERR\n    echo \"error: The sandbox is not in sync with the Podfile.lock. Run 'pod install' or update your CocoaPods installation.\" >&2\n    exit 1\nfi\n# This output is used by Xcode 'outputs' to avoid re-running this script phase.\necho \"SUCCESS\" > \"${SCRIPT_OUTPUT_FILE_0}\"\n";
			showEnvVarsInLog = 0;
		};
		DA311E58563016AB2D96CBB9 /* [CP] Embed Pods Frameworks */ = {
			isa = PBXShellScriptBuildPhase;
			buildActionMask = 2147483647;
			files = (
			);
			inputFileListPaths = (
				"${PODS_ROOT}/Target Support Files/Pods-FoodRecipes/Pods-FoodRecipes-frameworks-${CONFIGURATION}-input-files.xcfilelist",
			);
			name = "[CP] Embed Pods Frameworks";
			outputFileListPaths = (
				"${PODS_ROOT}/Target Support Files/Pods-FoodRecipes/Pods-FoodRecipes-frameworks-${CONFIGURATION}-output-files.xcfilelist",
			);
			runOnlyForDeploymentPostprocessing = 0;
			shellPath = /bin/sh;
			shellScript = "\"${PODS_ROOT}/Target Support Files/Pods-FoodRecipes/Pods-FoodRecipes-frameworks.sh\"\n";
			showEnvVarsInLog = 0;
		};
/* End PBXShellScriptBuildPhase section */

/* Begin PBXSourcesBuildPhase section */
		442F3CA82A20D0B400CAAAE3 /* Sources */ = {
			isa = PBXSourcesBuildPhase;
			buildActionMask = 2147483647;
			files = (
				442F3CB42A20D0B400CAAAE3 /* ViewController.swift in Sources */,
				8C4344E02A21102C001E499C /* Meal.swift in Sources */,
				8C4344DE2A210ECB001E499C /* DataBase.swift in Sources */,
				BCBE7BB22A21272C008FE227 /* CategoriesCellTableViewCell.swift in Sources */,
				442F3CB02A20D0B400CAAAE3 /* AppDelegate.swift in Sources */,
				8C4344E62A2110DA001E499C /* Ingredients.swift in Sources */,
				8C4344CF2A20F78C001E499C /* HomeViewModel.swift in Sources */,
				BCFF17442A20E6E500F58A03 /* HomeViewController.swift in Sources */,
				442F3CB22A20D0B400CAAAE3 /* SceneDelegate.swift in Sources */,
				8CF8848B2A20E16800D7CB7F /* MealModel.swift in Sources */,
				8CF8848F2A20E49000D7CB7F /* Network.swift in Sources */,
				8C4344E22A211061001E499C /* Credit.swift in Sources */,
				442F3CBA2A20D0B400CAAAE3 /* FoodRecipes.xcdatamodeld in Sources */,
				8C4344D12A20F982001E499C /* Constants.swift in Sources */,
				8C4344E42A211085001E499C /* Instruction.swift in Sources */,
				8C4344D32A210219001E499C /* TabBar.swift in Sources */,
				BCFF17472A20E9E000F58A03 /* Categories.swift in Sources */,
				44ABFE432A20DADA001CE419 /* FavoriteViewController.swift in Sources */,
				442F3CBA2A20D0B400CAAAE3 /* FoodRecipes.xcdatamodeld in Sources */,
				8C4344D12A20F982001E499C /* Constants.swift in Sources */,
				BCFE5AFB2A20E31A008CC802 /* Style.swift in Sources */,
				BCA5C1FA2A20E0AE0012CC5E /* TopCell.swift in Sources */,
			);
			runOnlyForDeploymentPostprocessing = 0;
		};
		442F3CC12A20D0B600CAAAE3 /* Sources */ = {
			isa = PBXSourcesBuildPhase;
			buildActionMask = 2147483647;
			files = (
				442F3CCA2A20D0B600CAAAE3 /* FoodRecipesTests.swift in Sources */,
			);
			runOnlyForDeploymentPostprocessing = 0;
		};
		442F3CCB2A20D0B600CAAAE3 /* Sources */ = {
			isa = PBXSourcesBuildPhase;
			buildActionMask = 2147483647;
			files = (
				442F3CD62A20D0B600CAAAE3 /* FoodRecipesUITestsLaunchTests.swift in Sources */,
				442F3CD42A20D0B600CAAAE3 /* FoodRecipesUITests.swift in Sources */,
			);
			runOnlyForDeploymentPostprocessing = 0;
		};
/* End PBXSourcesBuildPhase section */

/* Begin PBXTargetDependency section */
		442F3CC72A20D0B600CAAAE3 /* PBXTargetDependency */ = {
			isa = PBXTargetDependency;
			target = 442F3CAB2A20D0B400CAAAE3 /* FoodRecipes */;
			targetProxy = 442F3CC62A20D0B600CAAAE3 /* PBXContainerItemProxy */;
		};
		442F3CD12A20D0B600CAAAE3 /* PBXTargetDependency */ = {
			isa = PBXTargetDependency;
			target = 442F3CAB2A20D0B400CAAAE3 /* FoodRecipes */;
			targetProxy = 442F3CD02A20D0B600CAAAE3 /* PBXContainerItemProxy */;
		};
/* End PBXTargetDependency section */

/* Begin PBXVariantGroup section */
		442F3CBD2A20D0B600CAAAE3 /* LaunchScreen.storyboard */ = {
			isa = PBXVariantGroup;
			children = (
				442F3CBE2A20D0B600CAAAE3 /* Base */,
			);
			name = LaunchScreen.storyboard;
			sourceTree = "<group>";
		};
/* End PBXVariantGroup section */

/* Begin XCBuildConfiguration section */
		442F3CD72A20D0B600CAAAE3 /* Debug */ = {
			isa = XCBuildConfiguration;
			buildSettings = {
				ALWAYS_SEARCH_USER_PATHS = NO;
				CLANG_ANALYZER_NONNULL = YES;
				CLANG_ANALYZER_NUMBER_OBJECT_CONVERSION = YES_AGGRESSIVE;
				CLANG_CXX_LANGUAGE_STANDARD = "gnu++20";
				CLANG_ENABLE_MODULES = YES;
				CLANG_ENABLE_OBJC_ARC = YES;
				CLANG_ENABLE_OBJC_WEAK = YES;
				CLANG_WARN_BLOCK_CAPTURE_AUTORELEASING = YES;
				CLANG_WARN_BOOL_CONVERSION = YES;
				CLANG_WARN_COMMA = YES;
				CLANG_WARN_CONSTANT_CONVERSION = YES;
				CLANG_WARN_DEPRECATED_OBJC_IMPLEMENTATIONS = YES;
				CLANG_WARN_DIRECT_OBJC_ISA_USAGE = YES_ERROR;
				CLANG_WARN_DOCUMENTATION_COMMENTS = YES;
				CLANG_WARN_EMPTY_BODY = YES;
				CLANG_WARN_ENUM_CONVERSION = YES;
				CLANG_WARN_INFINITE_RECURSION = YES;
				CLANG_WARN_INT_CONVERSION = YES;
				CLANG_WARN_NON_LITERAL_NULL_CONVERSION = YES;
				CLANG_WARN_OBJC_IMPLICIT_RETAIN_SELF = YES;
				CLANG_WARN_OBJC_LITERAL_CONVERSION = YES;
				CLANG_WARN_OBJC_ROOT_CLASS = YES_ERROR;
				CLANG_WARN_QUOTED_INCLUDE_IN_FRAMEWORK_HEADER = YES;
				CLANG_WARN_RANGE_LOOP_ANALYSIS = YES;
				CLANG_WARN_STRICT_PROTOTYPES = YES;
				CLANG_WARN_SUSPICIOUS_MOVE = YES;
				CLANG_WARN_UNGUARDED_AVAILABILITY = YES_AGGRESSIVE;
				CLANG_WARN_UNREACHABLE_CODE = YES;
				CLANG_WARN__DUPLICATE_METHOD_MATCH = YES;
				COPY_PHASE_STRIP = NO;
				DEBUG_INFORMATION_FORMAT = dwarf;
				ENABLE_STRICT_OBJC_MSGSEND = YES;
				ENABLE_TESTABILITY = YES;
				GCC_C_LANGUAGE_STANDARD = gnu11;
				GCC_DYNAMIC_NO_PIC = NO;
				GCC_NO_COMMON_BLOCKS = YES;
				GCC_OPTIMIZATION_LEVEL = 0;
				GCC_PREPROCESSOR_DEFINITIONS = (
					"DEBUG=1",
					"$(inherited)",
				);
				GCC_WARN_64_TO_32_BIT_CONVERSION = YES;
				GCC_WARN_ABOUT_RETURN_TYPE = YES_ERROR;
				GCC_WARN_UNDECLARED_SELECTOR = YES;
				GCC_WARN_UNINITIALIZED_AUTOS = YES_AGGRESSIVE;
				GCC_WARN_UNUSED_FUNCTION = YES;
				GCC_WARN_UNUSED_VARIABLE = YES;
				IPHONEOS_DEPLOYMENT_TARGET = 16.4;
				MTL_ENABLE_DEBUG_INFO = INCLUDE_SOURCE;
				MTL_FAST_MATH = YES;
				ONLY_ACTIVE_ARCH = YES;
				SDKROOT = iphoneos;
				SWIFT_ACTIVE_COMPILATION_CONDITIONS = DEBUG;
				SWIFT_OPTIMIZATION_LEVEL = "-Onone";
			};
			name = Debug;
		};
		442F3CD82A20D0B600CAAAE3 /* Release */ = {
			isa = XCBuildConfiguration;
			buildSettings = {
				ALWAYS_SEARCH_USER_PATHS = NO;
				CLANG_ANALYZER_NONNULL = YES;
				CLANG_ANALYZER_NUMBER_OBJECT_CONVERSION = YES_AGGRESSIVE;
				CLANG_CXX_LANGUAGE_STANDARD = "gnu++20";
				CLANG_ENABLE_MODULES = YES;
				CLANG_ENABLE_OBJC_ARC = YES;
				CLANG_ENABLE_OBJC_WEAK = YES;
				CLANG_WARN_BLOCK_CAPTURE_AUTORELEASING = YES;
				CLANG_WARN_BOOL_CONVERSION = YES;
				CLANG_WARN_COMMA = YES;
				CLANG_WARN_CONSTANT_CONVERSION = YES;
				CLANG_WARN_DEPRECATED_OBJC_IMPLEMENTATIONS = YES;
				CLANG_WARN_DIRECT_OBJC_ISA_USAGE = YES_ERROR;
				CLANG_WARN_DOCUMENTATION_COMMENTS = YES;
				CLANG_WARN_EMPTY_BODY = YES;
				CLANG_WARN_ENUM_CONVERSION = YES;
				CLANG_WARN_INFINITE_RECURSION = YES;
				CLANG_WARN_INT_CONVERSION = YES;
				CLANG_WARN_NON_LITERAL_NULL_CONVERSION = YES;
				CLANG_WARN_OBJC_IMPLICIT_RETAIN_SELF = YES;
				CLANG_WARN_OBJC_LITERAL_CONVERSION = YES;
				CLANG_WARN_OBJC_ROOT_CLASS = YES_ERROR;
				CLANG_WARN_QUOTED_INCLUDE_IN_FRAMEWORK_HEADER = YES;
				CLANG_WARN_RANGE_LOOP_ANALYSIS = YES;
				CLANG_WARN_STRICT_PROTOTYPES = YES;
				CLANG_WARN_SUSPICIOUS_MOVE = YES;
				CLANG_WARN_UNGUARDED_AVAILABILITY = YES_AGGRESSIVE;
				CLANG_WARN_UNREACHABLE_CODE = YES;
				CLANG_WARN__DUPLICATE_METHOD_MATCH = YES;
				COPY_PHASE_STRIP = NO;
				DEBUG_INFORMATION_FORMAT = "dwarf-with-dsym";
				ENABLE_NS_ASSERTIONS = NO;
				ENABLE_STRICT_OBJC_MSGSEND = YES;
				GCC_C_LANGUAGE_STANDARD = gnu11;
				GCC_NO_COMMON_BLOCKS = YES;
				GCC_WARN_64_TO_32_BIT_CONVERSION = YES;
				GCC_WARN_ABOUT_RETURN_TYPE = YES_ERROR;
				GCC_WARN_UNDECLARED_SELECTOR = YES;
				GCC_WARN_UNINITIALIZED_AUTOS = YES_AGGRESSIVE;
				GCC_WARN_UNUSED_FUNCTION = YES;
				GCC_WARN_UNUSED_VARIABLE = YES;
				IPHONEOS_DEPLOYMENT_TARGET = 16.4;
				MTL_ENABLE_DEBUG_INFO = NO;
				MTL_FAST_MATH = YES;
				SDKROOT = iphoneos;
				SWIFT_COMPILATION_MODE = wholemodule;
				SWIFT_OPTIMIZATION_LEVEL = "-O";
				VALIDATE_PRODUCT = YES;
			};
			name = Release;
		};
		442F3CDA2A20D0B600CAAAE3 /* Debug */ = {
			isa = XCBuildConfiguration;
			baseConfigurationReference = 2DFBB8506740A35BA090E1F5 /* Pods-FoodRecipes.debug.xcconfig */;
			buildSettings = {
				ASSETCATALOG_COMPILER_APPICON_NAME = AppIcon;
				ASSETCATALOG_COMPILER_GLOBAL_ACCENT_COLOR_NAME = AccentColor;
				CODE_SIGN_STYLE = Automatic;
				CURRENT_PROJECT_VERSION = 1;
				DEVELOPMENT_TEAM = 8H2679RM7P;
				GENERATE_INFOPLIST_FILE = YES;
				INFOPLIST_FILE = FoodRecipes/Info.plist;
				INFOPLIST_KEY_UIApplicationSupportsIndirectInputEvents = YES;
				INFOPLIST_KEY_UILaunchStoryboardName = LaunchScreen;
				INFOPLIST_KEY_UIMainStoryboardFile = "";
				INFOPLIST_KEY_UISupportedInterfaceOrientations_iPad = "UIInterfaceOrientationPortrait UIInterfaceOrientationPortraitUpsideDown UIInterfaceOrientationLandscapeLeft UIInterfaceOrientationLandscapeRight";
				INFOPLIST_KEY_UISupportedInterfaceOrientations_iPhone = "UIInterfaceOrientationPortrait UIInterfaceOrientationLandscapeLeft UIInterfaceOrientationLandscapeRight";
				LD_RUNPATH_SEARCH_PATHS = (
					"$(inherited)",
					"@executable_path/Frameworks",
				);
				MARKETING_VERSION = 1.0;
				PRODUCT_BUNDLE_IDENTIFIER = mariam.FoodRecipes;
				PRODUCT_NAME = "$(TARGET_NAME)";
				SWIFT_EMIT_LOC_STRINGS = YES;
				SWIFT_VERSION = 5.0;
				TARGETED_DEVICE_FAMILY = "1,2";
			};
			name = Debug;
		};
		442F3CDB2A20D0B600CAAAE3 /* Release */ = {
			isa = XCBuildConfiguration;
			baseConfigurationReference = D4DC85725C3E853DDF6FF9F4 /* Pods-FoodRecipes.release.xcconfig */;
			buildSettings = {
				ASSETCATALOG_COMPILER_APPICON_NAME = AppIcon;
				ASSETCATALOG_COMPILER_GLOBAL_ACCENT_COLOR_NAME = AccentColor;
				CODE_SIGN_STYLE = Automatic;
				CURRENT_PROJECT_VERSION = 1;
				DEVELOPMENT_TEAM = 8H2679RM7P;
				GENERATE_INFOPLIST_FILE = YES;
				INFOPLIST_FILE = FoodRecipes/Info.plist;
				INFOPLIST_KEY_UIApplicationSupportsIndirectInputEvents = YES;
				INFOPLIST_KEY_UILaunchStoryboardName = LaunchScreen;
				INFOPLIST_KEY_UIMainStoryboardFile = "";
				INFOPLIST_KEY_UISupportedInterfaceOrientations_iPad = "UIInterfaceOrientationPortrait UIInterfaceOrientationPortraitUpsideDown UIInterfaceOrientationLandscapeLeft UIInterfaceOrientationLandscapeRight";
				INFOPLIST_KEY_UISupportedInterfaceOrientations_iPhone = "UIInterfaceOrientationPortrait UIInterfaceOrientationLandscapeLeft UIInterfaceOrientationLandscapeRight";
				LD_RUNPATH_SEARCH_PATHS = (
					"$(inherited)",
					"@executable_path/Frameworks",
				);
				MARKETING_VERSION = 1.0;
				PRODUCT_BUNDLE_IDENTIFIER = mariam.FoodRecipes;
				PRODUCT_NAME = "$(TARGET_NAME)";
				SWIFT_EMIT_LOC_STRINGS = YES;
				SWIFT_VERSION = 5.0;
				TARGETED_DEVICE_FAMILY = "1,2";
			};
			name = Release;
		};
		442F3CDD2A20D0B600CAAAE3 /* Debug */ = {
			isa = XCBuildConfiguration;
			baseConfigurationReference = 8317FE20F43984808C63C6CD /* Pods-FoodRecipesTests.debug.xcconfig */;
			buildSettings = {
				ALWAYS_EMBED_SWIFT_STANDARD_LIBRARIES = YES;
				BUNDLE_LOADER = "$(TEST_HOST)";
				CODE_SIGN_STYLE = Automatic;
				CURRENT_PROJECT_VERSION = 1;
				DEVELOPMENT_TEAM = 8H2679RM7P;
				GENERATE_INFOPLIST_FILE = YES;
				IPHONEOS_DEPLOYMENT_TARGET = 16.4;
				MARKETING_VERSION = 1.0;
				PRODUCT_BUNDLE_IDENTIFIER = mariam.FoodRecipesTests;
				PRODUCT_NAME = "$(TARGET_NAME)";
				SWIFT_EMIT_LOC_STRINGS = NO;
				SWIFT_VERSION = 5.0;
				TARGETED_DEVICE_FAMILY = "1,2";
				TEST_HOST = "$(BUILT_PRODUCTS_DIR)/FoodRecipes.app/$(BUNDLE_EXECUTABLE_FOLDER_PATH)/FoodRecipes";
			};
			name = Debug;
		};
		442F3CDE2A20D0B600CAAAE3 /* Release */ = {
			isa = XCBuildConfiguration;
			baseConfigurationReference = F64EDDEF7F7F74D698FC82F8 /* Pods-FoodRecipesTests.release.xcconfig */;
			buildSettings = {
				ALWAYS_EMBED_SWIFT_STANDARD_LIBRARIES = YES;
				BUNDLE_LOADER = "$(TEST_HOST)";
				CODE_SIGN_STYLE = Automatic;
				CURRENT_PROJECT_VERSION = 1;
				DEVELOPMENT_TEAM = 8H2679RM7P;
				GENERATE_INFOPLIST_FILE = YES;
				IPHONEOS_DEPLOYMENT_TARGET = 16.4;
				MARKETING_VERSION = 1.0;
				PRODUCT_BUNDLE_IDENTIFIER = mariam.FoodRecipesTests;
				PRODUCT_NAME = "$(TARGET_NAME)";
				SWIFT_EMIT_LOC_STRINGS = NO;
				SWIFT_VERSION = 5.0;
				TARGETED_DEVICE_FAMILY = "1,2";
				TEST_HOST = "$(BUILT_PRODUCTS_DIR)/FoodRecipes.app/$(BUNDLE_EXECUTABLE_FOLDER_PATH)/FoodRecipes";
			};
			name = Release;
		};
		442F3CE02A20D0B600CAAAE3 /* Debug */ = {
			isa = XCBuildConfiguration;
			baseConfigurationReference = 9493F5C03B508FD803126881 /* Pods-FoodRecipes-FoodRecipesUITests.debug.xcconfig */;
			buildSettings = {
				ALWAYS_EMBED_SWIFT_STANDARD_LIBRARIES = YES;
				CODE_SIGN_STYLE = Automatic;
				CURRENT_PROJECT_VERSION = 1;
				DEVELOPMENT_TEAM = 8H2679RM7P;
				GENERATE_INFOPLIST_FILE = YES;
				MARKETING_VERSION = 1.0;
				PRODUCT_BUNDLE_IDENTIFIER = mariam.FoodRecipesUITests;
				PRODUCT_NAME = "$(TARGET_NAME)";
				SWIFT_EMIT_LOC_STRINGS = NO;
				SWIFT_VERSION = 5.0;
				TARGETED_DEVICE_FAMILY = "1,2";
				TEST_TARGET_NAME = FoodRecipes;
			};
			name = Debug;
		};
		442F3CE12A20D0B600CAAAE3 /* Release */ = {
			isa = XCBuildConfiguration;
			baseConfigurationReference = 50EBCF6E3CE2FD59649A3297 /* Pods-FoodRecipes-FoodRecipesUITests.release.xcconfig */;
			buildSettings = {
				ALWAYS_EMBED_SWIFT_STANDARD_LIBRARIES = YES;
				CODE_SIGN_STYLE = Automatic;
				CURRENT_PROJECT_VERSION = 1;
				DEVELOPMENT_TEAM = 8H2679RM7P;
				GENERATE_INFOPLIST_FILE = YES;
				MARKETING_VERSION = 1.0;
				PRODUCT_BUNDLE_IDENTIFIER = mariam.FoodRecipesUITests;
				PRODUCT_NAME = "$(TARGET_NAME)";
				SWIFT_EMIT_LOC_STRINGS = NO;
				SWIFT_VERSION = 5.0;
				TARGETED_DEVICE_FAMILY = "1,2";
				TEST_TARGET_NAME = FoodRecipes;
			};
			name = Release;
		};
/* End XCBuildConfiguration section */

/* Begin XCConfigurationList section */
		442F3CA72A20D0B400CAAAE3 /* Build configuration list for PBXProject "FoodRecipes" */ = {
			isa = XCConfigurationList;
			buildConfigurations = (
				442F3CD72A20D0B600CAAAE3 /* Debug */,
				442F3CD82A20D0B600CAAAE3 /* Release */,
			);
			defaultConfigurationIsVisible = 0;
			defaultConfigurationName = Release;
		};
		442F3CD92A20D0B600CAAAE3 /* Build configuration list for PBXNativeTarget "FoodRecipes" */ = {
			isa = XCConfigurationList;
			buildConfigurations = (
				442F3CDA2A20D0B600CAAAE3 /* Debug */,
				442F3CDB2A20D0B600CAAAE3 /* Release */,
			);
			defaultConfigurationIsVisible = 0;
			defaultConfigurationName = Release;
		};
		442F3CDC2A20D0B600CAAAE3 /* Build configuration list for PBXNativeTarget "FoodRecipesTests" */ = {
			isa = XCConfigurationList;
			buildConfigurations = (
				442F3CDD2A20D0B600CAAAE3 /* Debug */,
				442F3CDE2A20D0B600CAAAE3 /* Release */,
			);
			defaultConfigurationIsVisible = 0;
			defaultConfigurationName = Release;
		};
		442F3CDF2A20D0B600CAAAE3 /* Build configuration list for PBXNativeTarget "FoodRecipesUITests" */ = {
			isa = XCConfigurationList;
			buildConfigurations = (
				442F3CE02A20D0B600CAAAE3 /* Debug */,
				442F3CE12A20D0B600CAAAE3 /* Release */,
			);
			defaultConfigurationIsVisible = 0;
			defaultConfigurationName = Release;
		};
/* End XCConfigurationList section */

/* Begin XCVersionGroup section */
		442F3CB82A20D0B400CAAAE3 /* FoodRecipes.xcdatamodeld */ = {
			isa = XCVersionGroup;
			children = (
				442F3CB92A20D0B400CAAAE3 /* FoodRecipes.xcdatamodel */,
			);
			currentVersion = 442F3CB92A20D0B400CAAAE3 /* FoodRecipes.xcdatamodel */;
			path = FoodRecipes.xcdatamodeld;
			sourceTree = "<group>";
			versionGroupType = wrapper.xcdatamodel;
		};
/* End XCVersionGroup section */
	};
	rootObject = 442F3CA42A20D0B400CAAAE3 /* Project object */;
}
